
Microsoft Visual Studio Solution File, Format Version 12.00
# Visual Studio 15
VisualStudioVersion = 15.0.28307.102
MinimumVisualStudioVersion = 10.0.40219.1
Project("{FAE04EC0-301F-11D3-BF4B-00C04F79EFBC}") = "Web", "Web\Web.csproj", "{43F85F22-CB55-4F75-AE99-85A0E7D227E2}"
EndProject
Global
	GlobalSection(SolutionConfigurationPlatforms) = preSolution
		Debug|Any CPU = Debug|Any CPU
		Release|Any CPU = Release|Any CPU
	EndGlobalSection
	GlobalSection(ProjectConfigurationPlatforms) = postSolution
		{43F85F22-CB55-4F75-AE99-85A0E7D227E2}.Debug|Any CPU.ActiveCfg = Debug|Any CPU
		{43F85F22-CB55-4F75-AE99-85A0E7D227E2}.Debug|Any CPU.Build.0 = Debug|Any CPU
		{43F85F22-CB55-4F75-AE99-85A0E7D227E2}.Release|Any CPU.ActiveCfg = Release|Any CPU
		{43F85F22-CB55-4F75-AE99-85A0E7D227E2}.Release|Any CPU.Build.0 = Release|Any CPU
	EndGlobalSection
	GlobalSection(SolutionProperties) = preSolution
		HideSolutionNode = FALSE
	EndGlobalSection
	GlobalSection(ExtensibilityGlobals) = postSolution
		SolutionGuid = {19DB0F28-DDAF-45D9-8CB7-01486317F68F}
	EndGlobalSection
EndGlobal
