
Microsoft Visual Studio Solution File, Format Version 12.00
# Visual Studio 15
VisualStudioVersion = 15.0.28307.102
MinimumVisualStudioVersion = 10.0.40219.1
Project("{FAE04EC0-301F-11D3-BF4B-00C04F79EFBC}") = "YRDF.Util", "YRDF.Util\YRDF.Util.csproj", "{7EDA6B5B-B751-416D-8D6C-26DD101E11C0}"
EndProject
Global
	GlobalSection(SolutionConfigurationPlatforms) = preSolution
		Debug|Any CPU = Debug|Any CPU
		Release|Any CPU = Release|Any CPU
	EndGlobalSection
	GlobalSection(ProjectConfigurationPlatforms) = postSolution
		{7EDA6B5B-B751-416D-8D6C-26DD101E11C0}.Debug|Any CPU.ActiveCfg = Debug|Any CPU
		{7EDA6B5B-B751-416D-8D6C-26DD101E11C0}.Debug|Any CPU.Build.0 = Debug|Any CPU
		{7EDA6B5B-B751-416D-8D6C-26DD101E11C0}.Release|Any CPU.ActiveCfg = Release|Any CPU
		{7EDA6B5B-B751-416D-8D6C-26DD101E11C0}.Release|Any CPU.Build.0 = Release|Any CPU
	EndGlobalSection
	GlobalSection(SolutionProperties) = preSolution
		HideSolutionNode = FALSE
	EndGlobalSection
	GlobalSection(ExtensibilityGlobals) = postSolution
		SolutionGuid = {F0DDA42B-37D1-414D-9799-27782170FF2A}
	EndGlobalSection
EndGlobal
